{
  "name": "font-preview",
  "version": "1.0.0",
  "lockfileVersion": 3,
  "requires": true,
  "packages": {
    "": {
      "name": "font-preview",
      "version": "1.0.0",
      "license": "ISC",
      "dependencies": {
        "font-list": "^2.0.0"
      }
    },
    "node_modules/font-list": {
      "version": "2.0.0",
      "resolved": "https://registry.npmjs.org/font-list/-/font-list-2.0.0.tgz",
      "integrity": "sha512-9QteZJOQpaAHucOiHmmBZCleNWnTBpcE9EDRZ2uDTarySKxgceBNe8GVWynUU2wSzu6hyzXSa3T9+uD5KKV9XA==",
      "license": "MIT"
    }
  }
}
